{
  "name": "gfx-renderer",
  "version": "2.0.0",
  "lockfileVersion": 1,
  "requires": true,
  "dependencies": {
    "normal-timer": {
      "version": "2.0.0",
      "resolved": "https://registry.npmjs.org/normal-timer/-/normal-timer-2.0.0.tgz",
      "integrity": "sha512-hwM/izMxuK3XMMino3EIP/5jVSbMCaxrBIeNEFsgZnC2edNueNvFlg9zf0+bKX3tDJaehBzoXB7zHyrRiJs0nw=="
    },
    "resize-notifier": {
      "version": "2.0.0",
      "resolved": "https://registry.npmjs.org/resize-notifier/-/resize-notifier-2.0.0.tgz",
      "integrity": "sha512-tR2pcdSV+rsAtRUEDA0HWwP9Q5VC2NEpvGb8w+YYamcpWuI7Bp8EtXVGaV6C2FeTpth9KTgKxerxiYj0q1lGcg=="
    }
  }
}
